// !$*UTF8*$!
{
	archiveVersion = 1;
	classes = {
	};
	objectVersion = 46;
	objects = {

/* Begin PBXAggregateTarget section */
		6459C9C2FD9C49C299FD0881 /* ZERO_CHECK */ = {
			isa = PBXAggregateTarget;
			buildConfigurationList = 80750C6DC95D4B04A3DC60F5 /* Build configuration list for PBXAggregateTarget "ZERO_CHECK" */;
			buildPhases = (
				455EDF60997D487C82E952E2 /* CMake Rules */,
			);
			dependencies = (
			);
			name = ZERO_CHECK;
			productName = ZERO_CHECK;
		};
		9117997E14C644A39DD27D23 /* ALL_BUILD */ = {
			isa = PBXAggregateTarget;
			buildConfigurationList = D8A6D27553B24D6BAEAEF9DD /* Build configuration list for PBXAggregateTarget "ALL_BUILD" */;
			buildPhases = (
				8DD7177091FC48E8B236EF7F /* CMake Rules */,
			);
			dependencies = (
				011793CC9F1943B09FA08960 /* PBXTargetDependency */,
				F8467812E48F42428F942980 /* PBXTargetDependency */,
			);
			name = ALL_BUILD;
			productName = ALL_BUILD;
		};
/* End PBXAggregateTarget section */

/* Begin PBXBuildFile section */
		1A96FCE93F1C4B79A912F34D /* /Users/israel/Documents/udacity/term2/CarND-Kidnapped-Vehicle-Project/CMakeLists.txt */ = {isa = PBXBuildFile; fileRef = EED79A776B4D462493BEAF22 /* /Users/israel/Documents/udacity/term2/CarND-Kidnapped-Vehicle-Project/CMakeLists.txt */; };
		4AEB4C07EAF44781B02F54F3 /* /Users/israel/Documents/udacity/term2/CarND-Kidnapped-Vehicle-Project/src/main.cpp */ = {isa = PBXBuildFile; fileRef = 132673D4B2F947B8A264D535 /* /Users/israel/Documents/udacity/term2/CarND-Kidnapped-Vehicle-Project/src/main.cpp */; };
		BED7E17C3AD14B60B2300688 /* /Users/israel/Documents/udacity/term2/CarND-Kidnapped-Vehicle-Project/src/particle_filter.cpp */ = {isa = PBXBuildFile; fileRef = F8DCB574CDC84D31B8E10909 /* /Users/israel/Documents/udacity/term2/CarND-Kidnapped-Vehicle-Project/src/particle_filter.cpp */; };
/* End PBXBuildFile section */

/* Begin PBXBuildStyle section */
		5A79AD492D884151B3F7B168 /* MinSizeRel */ = {
			isa = PBXBuildStyle;
			buildSettings = {
				COPY_PHASE_STRIP = NO;
			};
			name = MinSizeRel;
		};
		6BB21930A2324918B647B4AF /* RelWithDebInfo */ = {
			isa = PBXBuildStyle;
			buildSettings = {
				COPY_PHASE_STRIP = NO;
			};
			name = RelWithDebInfo;
		};
		88A14C28466D44BBAF9738B9 /* Debug */ = {
			isa = PBXBuildStyle;
			buildSettings = {
				COPY_PHASE_STRIP = NO;
			};
			name = Debug;
		};
		B2AE46F47DFF4193A531B4BE /* Release */ = {
			isa = PBXBuildStyle;
			buildSettings = {
				COPY_PHASE_STRIP = NO;
			};
			name = Release;
		};
/* End PBXBuildStyle section */

/* Begin PBXContainerItemProxy section */
		1B5537A88A544EAE8C1D118B /* PBXContainerItemProxy */ = {
			isa = PBXContainerItemProxy;
			containerPortal = 1509BA0CFC6C4A6CB10CF3D9 /* Project object */;
			proxyType = 1;
			remoteGlobalIDString = 36B1E7FF0CCF4A26ABD3C602;
			remoteInfo = particle_filter;
		};
		2E9492563A1B4CCA9627AADA /* PBXContainerItemProxy */ = {
			isa = PBXContainerItemProxy;
			containerPortal = 1509BA0CFC6C4A6CB10CF3D9 /* Project object */;
			proxyType = 1;
			remoteGlobalIDString = 6459C9C2FD9C49C299FD0881;
			remoteInfo = ZERO_CHECK;
		};
		4350E11026354D6EA31C6581 /* PBXContainerItemProxy */ = {
			isa = PBXContainerItemProxy;
			containerPortal = 1509BA0CFC6C4A6CB10CF3D9 /* Project object */;
			proxyType = 1;
			remoteGlobalIDString = 6459C9C2FD9C49C299FD0881;
			remoteInfo = ZERO_CHECK;
		};
/* End PBXContainerItemProxy section */

/* Begin PBXFileReference section */
		07CBA91ABB374785B654E65A /* /Users/israel/Documents/udacity/term2/CarND-Kidnapped-Vehicle-Project/CMakeLists.txt */ = {isa = PBXFileReference; explicitFileType = sourcecode.text; fileEncoding = 4; name = CMakeLists.txt; path = CMakeLists.txt; sourceTree = SOURCE_ROOT; };
		132673D4B2F947B8A264D535 /* /Users/israel/Documents/udacity/term2/CarND-Kidnapped-Vehicle-Project/src/main.cpp */ = {isa = PBXFileReference; explicitFileType = sourcecode.cpp.cpp; fileEncoding = 4; name = main.cpp; path = src/main.cpp; sourceTree = SOURCE_ROOT; };
		A60DDD7AFB3F43518EBFA4A6 /* /Users/israel/Documents/udacity/term2/CarND-Kidnapped-Vehicle-Project/CMakeLists.txt */ = {isa = PBXFileReference; explicitFileType = sourcecode.text; fileEncoding = 4; name = CMakeLists.txt; path = CMakeLists.txt; sourceTree = SOURCE_ROOT; };
		BCF5EEC2990A422A8E674E3F /* particle_filter */ = {isa = PBXFileReference; explicitFileType = "compiled.mach-o.executable"; path = particle_filter; sourceTree = BUILT_PRODUCTS_DIR; };
		EED79A776B4D462493BEAF22 /* /Users/israel/Documents/udacity/term2/CarND-Kidnapped-Vehicle-Project/CMakeLists.txt */ = {isa = PBXFileReference; explicitFileType = sourcecode.text; fileEncoding = 4; name = CMakeLists.txt; path = CMakeLists.txt; sourceTree = SOURCE_ROOT; };
		F8DCB574CDC84D31B8E10909 /* /Users/israel/Documents/udacity/term2/CarND-Kidnapped-Vehicle-Project/src/particle_filter.cpp */ = {isa = PBXFileReference; explicitFileType = sourcecode.cpp.cpp; fileEncoding = 4; name = particle_filter.cpp; path = src/particle_filter.cpp; sourceTree = SOURCE_ROOT; };
/* End PBXFileReference section */

/* Begin PBXGroup section */
		1052CE9A56AF45FCBD0CF0E9 /* particle_filter */ = {
			isa = PBXGroup;
			children = (
				3080E38316EA4DC484F7164E /* Source Files */,
				EED79A776B4D462493BEAF22 /* /Users/israel/Documents/udacity/term2/CarND-Kidnapped-Vehicle-Project/CMakeLists.txt */,
			);
			name = particle_filter;
			sourceTree = "<group>";
		};
		3080E38316EA4DC484F7164E /* Source Files */ = {
			isa = PBXGroup;
			children = (
				132673D4B2F947B8A264D535 /* /Users/israel/Documents/udacity/term2/CarND-Kidnapped-Vehicle-Project/src/main.cpp */,
				F8DCB574CDC84D31B8E10909 /* /Users/israel/Documents/udacity/term2/CarND-Kidnapped-Vehicle-Project/src/particle_filter.cpp */,
			);
			name = "Source Files";
			sourceTree = "<group>";
		};
		3B380BDB882D44F18BA76819 /* CMake Rules */ = {
			isa = PBXGroup;
			children = (
			);
			name = "CMake Rules";
			sourceTree = "<group>";
		};
		582FCC984749442797B8D114 /* ALL_BUILD */ = {
			isa = PBXGroup;
			children = (
				A3313A62964E4A6CA3D767B7 /* CMake Rules */,
				A60DDD7AFB3F43518EBFA4A6 /* /Users/israel/Documents/udacity/term2/CarND-Kidnapped-Vehicle-Project/CMakeLists.txt */,
			);
			name = ALL_BUILD;
			sourceTree = "<group>";
		};
		5D061BB13CCB4F688F2263F7 /* Products */ = {
			isa = PBXGroup;
			children = (
				BCF5EEC2990A422A8E674E3F /* particle_filter */,
			);
			name = Products;
			sourceTree = "<group>";
		};
		A3313A62964E4A6CA3D767B7 /* CMake Rules */ = {
			isa = PBXGroup;
			children = (
			);
			name = "CMake Rules";
			sourceTree = "<group>";
		};
		AE9CC3E24F614949B85828BF = {
			isa = PBXGroup;
			children = (
				1052CE9A56AF45FCBD0CF0E9 /* particle_filter */,
				582FCC984749442797B8D114 /* ALL_BUILD */,
				FF2BA30ACEAC4D8A8E2B13F1 /* ZERO_CHECK */,
				5D061BB13CCB4F688F2263F7 /* Products */,
			);
			sourceTree = "<group>";
		};
		FF2BA30ACEAC4D8A8E2B13F1 /* ZERO_CHECK */ = {
			isa = PBXGroup;
			children = (
				3B380BDB882D44F18BA76819 /* CMake Rules */,
				07CBA91ABB374785B654E65A /* /Users/israel/Documents/udacity/term2/CarND-Kidnapped-Vehicle-Project/CMakeLists.txt */,
			);
			name = ZERO_CHECK;
			sourceTree = "<group>";
		};
/* End PBXGroup section */

/* Begin PBXNativeTarget section */
		36B1E7FF0CCF4A26ABD3C602 /* particle_filter */ = {
			isa = PBXNativeTarget;
			buildConfigurationList = AAC02F44488F44A4A24FC433 /* Build configuration list for PBXNativeTarget "particle_filter" */;
			buildPhases = (
				C2586037168E4E529C58EF17 /* Sources */,
			);
			buildRules = (
			);
			dependencies = (
				AEB0A4ACB4984C10A835E5BE /* PBXTargetDependency */,
			);
			name = particle_filter;
			productName = particle_filter;
			productReference = BCF5EEC2990A422A8E674E3F /* particle_filter */;
			productType = "com.apple.product-type.tool";
		};
/* End PBXNativeTarget section */

/* Begin PBXProject section */
		1509BA0CFC6C4A6CB10CF3D9 /* Project object */ = {
			isa = PBXProject;
			attributes = {
				BuildIndependentTargetsInParallel = YES;
				LastUpgradeCheck = 0920;
			};
			buildConfigurationList = 9FEF528969D342B09CFF6DB2 /* Build configuration list for PBXProject "PARTICLE_FILTER" */;
			buildSettings = {
			};
			buildStyles = (
				88A14C28466D44BBAF9738B9 /* Debug */,
				B2AE46F47DFF4193A531B4BE /* Release */,
				5A79AD492D884151B3F7B168 /* MinSizeRel */,
				6BB21930A2324918B647B4AF /* RelWithDebInfo */,
			);
			compatibilityVersion = "Xcode 3.2";
			hasScannedForEncodings = 0;
			mainGroup = AE9CC3E24F614949B85828BF;
			projectDirPath = ../;
			projectRoot = "";
			targets = (
				9117997E14C644A39DD27D23 /* ALL_BUILD */,
				6459C9C2FD9C49C299FD0881 /* ZERO_CHECK */,
				36B1E7FF0CCF4A26ABD3C602 /* particle_filter */,
			);
		};
/* End PBXProject section */

/* Begin PBXShellScriptBuildPhase section */
		2BA4EEF2A88A40B1AAD7F32E = {
			isa = PBXShellScriptBuildPhase;
			buildActionMask = 2147483647;
			files = (
			);
			inputPaths = (
			);
			outputPaths = (
			);
			runOnlyForDeploymentPostprocessing = 0;
			shellPath = /bin/sh;
			shellScript = "# shell script goes here
exit 0";
			showEnvVarsInLog = 0;
		};
		455EDF60997D487C82E952E2 /* CMake Rules */ = {
			isa = PBXShellScriptBuildPhase;
			buildActionMask = 2147483647;
			files = (
			);
			name = "CMake Rules";
			runOnlyForDeploymentPostprocessing = 0;
			shellPath = /bin/sh;
			shellScript = "make -C /Users/israel/Documents/udacity/term2/CarND-Kidnapped-Vehicle-Project/src -f /Users/israel/Documents/udacity/term2/CarND-Kidnapped-Vehicle-Project/src/CMakeScripts/ZERO_CHECK_cmakeRulesBuildPhase.make$CONFIGURATION all";
			showEnvVarsInLog = 0;
		};
		8DD7177091FC48E8B236EF7F /* CMake Rules */ = {
			isa = PBXShellScriptBuildPhase;
			buildActionMask = 2147483647;
			files = (
			);
			name = "CMake Rules";
			runOnlyForDeploymentPostprocessing = 0;
			shellPath = /bin/sh;
			shellScript = "make -C /Users/israel/Documents/udacity/term2/CarND-Kidnapped-Vehicle-Project/src -f /Users/israel/Documents/udacity/term2/CarND-Kidnapped-Vehicle-Project/src/CMakeScripts/ALL_BUILD_cmakeRulesBuildPhase.make$CONFIGURATION all";
			showEnvVarsInLog = 0;
		};
		EAFC3607048E43D1B32D0C37 = {
			isa = PBXShellScriptBuildPhase;
			buildActionMask = 2147483647;
			files = (
			);
			inputPaths = (
			);
			outputPaths = (
			);
			runOnlyForDeploymentPostprocessing = 0;
			shellPath = /bin/sh;
			shellScript = "# shell script goes here
exit 0";
			showEnvVarsInLog = 0;
		};
/* End PBXShellScriptBuildPhase section */

/* Begin PBXSourcesBuildPhase section */
		C2586037168E4E529C58EF17 /* Sources */ = {
			isa = PBXSourcesBuildPhase;
			buildActionMask = 2147483647;
			files = (
				4AEB4C07EAF44781B02F54F3 /* /Users/israel/Documents/udacity/term2/CarND-Kidnapped-Vehicle-Project/src/main.cpp */,
				BED7E17C3AD14B60B2300688 /* /Users/israel/Documents/udacity/term2/CarND-Kidnapped-Vehicle-Project/src/particle_filter.cpp */,
			);
			runOnlyForDeploymentPostprocessing = 0;
		};
/* End PBXSourcesBuildPhase section */

/* Begin PBXTargetDependency section */
		011793CC9F1943B09FA08960 /* PBXTargetDependency */ = {
			isa = PBXTargetDependency;
			target = 36B1E7FF0CCF4A26ABD3C602 /* particle_filter */;
			targetProxy = 1B5537A88A544EAE8C1D118B /* PBXContainerItemProxy */;
		};
		AEB0A4ACB4984C10A835E5BE /* PBXTargetDependency */ = {
			isa = PBXTargetDependency;
			target = 6459C9C2FD9C49C299FD0881 /* ZERO_CHECK */;
			targetProxy = 2E9492563A1B4CCA9627AADA /* PBXContainerItemProxy */;
		};
		F8467812E48F42428F942980 /* PBXTargetDependency */ = {
			isa = PBXTargetDependency;
			target = 6459C9C2FD9C49C299FD0881 /* ZERO_CHECK */;
			targetProxy = 4350E11026354D6EA31C6581 /* PBXContainerItemProxy */;
		};
/* End PBXTargetDependency section */

/* Begin XCBuildConfiguration section */
		032D444EF2E94879B6B026B0 /* RelWithDebInfo */ = {
			isa = XCBuildConfiguration;
			buildSettings = {
				COMBINE_HIDPI_IMAGES = YES;
				GCC_GENERATE_DEBUGGING_SYMBOLS = YES;
				GCC_INLINES_ARE_PRIVATE_EXTERN = NO;
				GCC_OPTIMIZATION_LEVEL = 0;
				GCC_PREPROCESSOR_DEFINITIONS = ("'CMAKE_INTDIR=\"$(CONFIGURATION)$(EFFECTIVE_PLATFORM_NAME)\"'");
				GCC_SYMBOLS_PRIVATE_EXTERN = NO;
				HEADER_SEARCH_PATHS = (/usr/local/include,/usr/local/opt/openssl/include);
				INSTALL_PATH = "";
				OTHER_LDFLAGS = " ";
				OTHER_REZFLAGS = "";
				PRODUCT_NAME = ZERO_CHECK;
				SECTORDER_FLAGS = "";
				SYMROOT = "/Users/israel/Documents/udacity/term2/CarND-Kidnapped-Vehicle-Project/src";
				USE_HEADERMAP = NO;
				WARNING_CFLAGS = ("-Wmost","-Wno-four-char-constants","-Wno-unknown-pragmas","$(inherited)");
			};
			name = RelWithDebInfo;
		};
		07241AFA4DCB4CF1BF71A81F /* Debug */ = {
			isa = XCBuildConfiguration;
			buildSettings = {
				COMBINE_HIDPI_IMAGES = YES;
				GCC_GENERATE_DEBUGGING_SYMBOLS = YES;
				GCC_INLINES_ARE_PRIVATE_EXTERN = NO;
				GCC_OPTIMIZATION_LEVEL = 0;
				GCC_PREPROCESSOR_DEFINITIONS = ("'CMAKE_INTDIR=\"$(CONFIGURATION)$(EFFECTIVE_PLATFORM_NAME)\"'");
				GCC_SYMBOLS_PRIVATE_EXTERN = NO;
				HEADER_SEARCH_PATHS = (/usr/local/include,/usr/local/opt/openssl/include);
				INSTALL_PATH = "";
				OTHER_LDFLAGS = " ";
				OTHER_REZFLAGS = "";
				PRODUCT_NAME = ALL_BUILD;
				SECTORDER_FLAGS = "";
				SYMROOT = "/Users/israel/Documents/udacity/term2/CarND-Kidnapped-Vehicle-Project/src";
				USE_HEADERMAP = NO;
				WARNING_CFLAGS = ("-Wmost","-Wno-four-char-constants","-Wno-unknown-pragmas","$(inherited)");
			};
			name = Debug;
		};
		0F14039E03E6473DB7D4C75E /* MinSizeRel */ = {
			isa = XCBuildConfiguration;
			buildSettings = {
				ONLY_ACTIVE_ARCH = YES;
				SDKROOT = /Applications/Xcode.app/Contents/Developer/Platforms/MacOSX.platform/Developer/SDKs/MacOSX10.13.sdk;
				SYMROOT = "/Users/israel/Documents/udacity/term2/CarND-Kidnapped-Vehicle-Project/src/build";
			};
			name = MinSizeRel;
		};
		17F1A43227D94A36A9488413 /* RelWithDebInfo */ = {
			isa = XCBuildConfiguration;
			buildSettings = {
				COMBINE_HIDPI_IMAGES = YES;
				EXECUTABLE_PREFIX = "";
				EXECUTABLE_SUFFIX = "";
				GCC_GENERATE_DEBUGGING_SYMBOLS = YES;
				GCC_INLINES_ARE_PRIVATE_EXTERN = NO;
				GCC_OPTIMIZATION_LEVEL = 2;
				GCC_PREPROCESSOR_DEFINITIONS = ("'CMAKE_INTDIR=\"$(CONFIGURATION)$(EFFECTIVE_PLATFORM_NAME)\"'");
				GCC_SYMBOLS_PRIVATE_EXTERN = NO;
				HEADER_SEARCH_PATHS = (/usr/local/include,/usr/local/opt/openssl/include);
				INSTALL_PATH = "";
				LD_RUNPATH_SEARCH_PATHS = "/usr/local/lib /usr/local/opt/openssl/lib /usr/local/Cellar/libuv/1.18.0/lib";
				LIBRARY_SEARCH_PATHS = " /usr/local/lib/$(CONFIGURATION)$(EFFECTIVE_PLATFORM_NAME) /usr/local/lib /usr/local/opt/openssl/lib/$(CONFIGURATION)$(EFFECTIVE_PLATFORM_NAME) /usr/local/opt/openssl/lib /usr/local/Cellar/libuv/1.18.0/lib/$(CONFIGURATION)$(EFFECTIVE_PLATFORM_NAME) /usr/local/Cellar/libuv/1.18.0/lib";
				OTHER_CPLUSPLUSFLAGS = "       -DNDEBUG   -std=c++11";
				OTHER_LDFLAGS = " -Wl,-search_paths_first -Wl,-headerpad_max_install_names  -lz -lssl -luv -luWS";
				OTHER_REZFLAGS = "";
				PRODUCT_NAME = particle_filter;
				SECTORDER_FLAGS = "";
				SYMROOT = "/Users/israel/Documents/udacity/term2/CarND-Kidnapped-Vehicle-Project/src";
				USE_HEADERMAP = NO;
				WARNING_CFLAGS = ("-Wmost","-Wno-four-char-constants","-Wno-unknown-pragmas","$(inherited)");
			};
			name = RelWithDebInfo;
		};
		2D5CDBE298FC4237AEBBA641 /* Debug */ = {
			isa = XCBuildConfiguration;
			buildSettings = {
				ONLY_ACTIVE_ARCH = YES;
				SDKROOT = /Applications/Xcode.app/Contents/Developer/Platforms/MacOSX.platform/Developer/SDKs/MacOSX10.13.sdk;
				SYMROOT = "/Users/israel/Documents/udacity/term2/CarND-Kidnapped-Vehicle-Project/src/build";
			};
			name = Debug;
		};
		5ADA3A1C540542DE842827F6 /* Debug */ = {
			isa = XCBuildConfiguration;
			buildSettings = {
				COMBINE_HIDPI_IMAGES = YES;
				GCC_GENERATE_DEBUGGING_SYMBOLS = YES;
				GCC_INLINES_ARE_PRIVATE_EXTERN = NO;
				GCC_OPTIMIZATION_LEVEL = 0;
				GCC_PREPROCESSOR_DEFINITIONS = ("'CMAKE_INTDIR=\"$(CONFIGURATION)$(EFFECTIVE_PLATFORM_NAME)\"'");
				GCC_SYMBOLS_PRIVATE_EXTERN = NO;
				HEADER_SEARCH_PATHS = (/usr/local/include,/usr/local/opt/openssl/include);
				INSTALL_PATH = "";
				OTHER_LDFLAGS = " ";
				OTHER_REZFLAGS = "";
				PRODUCT_NAME = ZERO_CHECK;
				SECTORDER_FLAGS = "";
				SYMROOT = "/Users/israel/Documents/udacity/term2/CarND-Kidnapped-Vehicle-Project/src";
				USE_HEADERMAP = NO;
				WARNING_CFLAGS = ("-Wmost","-Wno-four-char-constants","-Wno-unknown-pragmas","$(inherited)");
			};
			name = Debug;
		};
		5BF29E19786C4899A6D78CB5 /* RelWithDebInfo */ = {
			isa = XCBuildConfiguration;
			buildSettings = {
				COMBINE_HIDPI_IMAGES = YES;
				GCC_GENERATE_DEBUGGING_SYMBOLS = YES;
				GCC_INLINES_ARE_PRIVATE_EXTERN = NO;
				GCC_OPTIMIZATION_LEVEL = 0;
				GCC_PREPROCESSOR_DEFINITIONS = ("'CMAKE_INTDIR=\"$(CONFIGURATION)$(EFFECTIVE_PLATFORM_NAME)\"'");
				GCC_SYMBOLS_PRIVATE_EXTERN = NO;
				HEADER_SEARCH_PATHS = (/usr/local/include,/usr/local/opt/openssl/include);
				INSTALL_PATH = "";
				OTHER_LDFLAGS = " ";
				OTHER_REZFLAGS = "";
				PRODUCT_NAME = ALL_BUILD;
				SECTORDER_FLAGS = "";
				SYMROOT = "/Users/israel/Documents/udacity/term2/CarND-Kidnapped-Vehicle-Project/src";
				USE_HEADERMAP = NO;
				WARNING_CFLAGS = ("-Wmost","-Wno-four-char-constants","-Wno-unknown-pragmas","$(inherited)");
			};
			name = RelWithDebInfo;
		};
		60184EFD4E0840BBB3DEBBF2 /* MinSizeRel */ = {
			isa = XCBuildConfiguration;
			buildSettings = {
				COMBINE_HIDPI_IMAGES = YES;
				GCC_GENERATE_DEBUGGING_SYMBOLS = YES;
				GCC_INLINES_ARE_PRIVATE_EXTERN = NO;
				GCC_OPTIMIZATION_LEVEL = 0;
				GCC_PREPROCESSOR_DEFINITIONS = ("'CMAKE_INTDIR=\"$(CONFIGURATION)$(EFFECTIVE_PLATFORM_NAME)\"'");
				GCC_SYMBOLS_PRIVATE_EXTERN = NO;
				HEADER_SEARCH_PATHS = (/usr/local/include,/usr/local/opt/openssl/include);
				INSTALL_PATH = "";
				OTHER_LDFLAGS = " ";
				OTHER_REZFLAGS = "";
				PRODUCT_NAME = ALL_BUILD;
				SECTORDER_FLAGS = "";
				SYMROOT = "/Users/israel/Documents/udacity/term2/CarND-Kidnapped-Vehicle-Project/src";
				USE_HEADERMAP = NO;
				WARNING_CFLAGS = ("-Wmost","-Wno-four-char-constants","-Wno-unknown-pragmas","$(inherited)");
			};
			name = MinSizeRel;
		};
		7424912D79594630894B2F77 /* Debug */ = {
			isa = XCBuildConfiguration;
			buildSettings = {
				COMBINE_HIDPI_IMAGES = YES;
				EXECUTABLE_PREFIX = "";
				EXECUTABLE_SUFFIX = "";
				GCC_GENERATE_DEBUGGING_SYMBOLS = YES;
				GCC_INLINES_ARE_PRIVATE_EXTERN = NO;
				GCC_OPTIMIZATION_LEVEL = 0;
				GCC_PREPROCESSOR_DEFINITIONS = ("'CMAKE_INTDIR=\"$(CONFIGURATION)$(EFFECTIVE_PLATFORM_NAME)\"'");
				GCC_SYMBOLS_PRIVATE_EXTERN = NO;
				HEADER_SEARCH_PATHS = (/usr/local/include,/usr/local/opt/openssl/include);
				INSTALL_PATH = "";
				LD_RUNPATH_SEARCH_PATHS = "/usr/local/lib /usr/local/opt/openssl/lib /usr/local/Cellar/libuv/1.18.0/lib";
				LIBRARY_SEARCH_PATHS = " /usr/local/lib/$(CONFIGURATION)$(EFFECTIVE_PLATFORM_NAME) /usr/local/lib /usr/local/opt/openssl/lib/$(CONFIGURATION)$(EFFECTIVE_PLATFORM_NAME) /usr/local/opt/openssl/lib /usr/local/Cellar/libuv/1.18.0/lib/$(CONFIGURATION)$(EFFECTIVE_PLATFORM_NAME) /usr/local/Cellar/libuv/1.18.0/lib";
				OTHER_CPLUSPLUSFLAGS = "     -std=c++11";
				OTHER_LDFLAGS = " -Wl,-search_paths_first -Wl,-headerpad_max_install_names  -lz -lssl -luv -luWS";
				OTHER_REZFLAGS = "";
				PRODUCT_NAME = particle_filter;
				SECTORDER_FLAGS = "";
				SYMROOT = "/Users/israel/Documents/udacity/term2/CarND-Kidnapped-Vehicle-Project/src";
				USE_HEADERMAP = NO;
				WARNING_CFLAGS = ("-Wmost","-Wno-four-char-constants","-Wno-unknown-pragmas","$(inherited)");
			};
			name = Debug;
		};
		77A26446535C43DE867773DB /* Release */ = {
			isa = XCBuildConfiguration;
			buildSettings = {
				COMBINE_HIDPI_IMAGES = YES;
				GCC_GENERATE_DEBUGGING_SYMBOLS = YES;
				GCC_INLINES_ARE_PRIVATE_EXTERN = NO;
				GCC_OPTIMIZATION_LEVEL = 0;
				GCC_PREPROCESSOR_DEFINITIONS = ("'CMAKE_INTDIR=\"$(CONFIGURATION)$(EFFECTIVE_PLATFORM_NAME)\"'");
				GCC_SYMBOLS_PRIVATE_EXTERN = NO;
				HEADER_SEARCH_PATHS = (/usr/local/include,/usr/local/opt/openssl/include);
				INSTALL_PATH = "";
				OTHER_LDFLAGS = " ";
				OTHER_REZFLAGS = "";
				PRODUCT_NAME = ALL_BUILD;
				SECTORDER_FLAGS = "";
				SYMROOT = "/Users/israel/Documents/udacity/term2/CarND-Kidnapped-Vehicle-Project/src";
				USE_HEADERMAP = NO;
				WARNING_CFLAGS = ("-Wmost","-Wno-four-char-constants","-Wno-unknown-pragmas","$(inherited)");
			};
			name = Release;
		};
		7B1081E950A24BE5AE23F268 /* RelWithDebInfo */ = {
			isa = XCBuildConfiguration;
			buildSettings = {
				ONLY_ACTIVE_ARCH = YES;
				SDKROOT = /Applications/Xcode.app/Contents/Developer/Platforms/MacOSX.platform/Developer/SDKs/MacOSX10.13.sdk;
				SYMROOT = "/Users/israel/Documents/udacity/term2/CarND-Kidnapped-Vehicle-Project/src/build";
			};
			name = RelWithDebInfo;
		};
		7E28700FD46348F2839A4C33 /* MinSizeRel */ = {
			isa = XCBuildConfiguration;
			buildSettings = {
				COMBINE_HIDPI_IMAGES = YES;
				EXECUTABLE_PREFIX = "";
				EXECUTABLE_SUFFIX = "";
				GCC_GENERATE_DEBUGGING_SYMBOLS = NO;
				GCC_INLINES_ARE_PRIVATE_EXTERN = NO;
				GCC_OPTIMIZATION_LEVEL = s;
				GCC_PREPROCESSOR_DEFINITIONS = ("'CMAKE_INTDIR=\"$(CONFIGURATION)$(EFFECTIVE_PLATFORM_NAME)\"'");
				GCC_SYMBOLS_PRIVATE_EXTERN = NO;
				HEADER_SEARCH_PATHS = (/usr/local/include,/usr/local/opt/openssl/include);
				INSTALL_PATH = "";
				LD_RUNPATH_SEARCH_PATHS = "/usr/local/lib /usr/local/opt/openssl/lib /usr/local/Cellar/libuv/1.18.0/lib";
				LIBRARY_SEARCH_PATHS = " /usr/local/lib/$(CONFIGURATION)$(EFFECTIVE_PLATFORM_NAME) /usr/local/lib /usr/local/opt/openssl/lib/$(CONFIGURATION)$(EFFECTIVE_PLATFORM_NAME) /usr/local/opt/openssl/lib /usr/local/Cellar/libuv/1.18.0/lib/$(CONFIGURATION)$(EFFECTIVE_PLATFORM_NAME) /usr/local/Cellar/libuv/1.18.0/lib";
				OTHER_CPLUSPLUSFLAGS = "    -DNDEBUG   -std=c++11";
				OTHER_LDFLAGS = " -Wl,-search_paths_first -Wl,-headerpad_max_install_names  -lz -lssl -luv -luWS";
				OTHER_REZFLAGS = "";
				PRODUCT_NAME = particle_filter;
				SECTORDER_FLAGS = "";
				SYMROOT = "/Users/israel/Documents/udacity/term2/CarND-Kidnapped-Vehicle-Project/src";
				USE_HEADERMAP = NO;
				WARNING_CFLAGS = ("-Wmost","-Wno-four-char-constants","-Wno-unknown-pragmas","$(inherited)");
			};
			name = MinSizeRel;
		};
		AE430818FDBF4D98ABAC796A /* MinSizeRel */ = {
			isa = XCBuildConfiguration;
			buildSettings = {
				COMBINE_HIDPI_IMAGES = YES;
				GCC_GENERATE_DEBUGGING_SYMBOLS = YES;
				GCC_INLINES_ARE_PRIVATE_EXTERN = NO;
				GCC_OPTIMIZATION_LEVEL = 0;
				GCC_PREPROCESSOR_DEFINITIONS = ("'CMAKE_INTDIR=\"$(CONFIGURATION)$(EFFECTIVE_PLATFORM_NAME)\"'");
				GCC_SYMBOLS_PRIVATE_EXTERN = NO;
				HEADER_SEARCH_PATHS = (/usr/local/include,/usr/local/opt/openssl/include);
				INSTALL_PATH = "";
				OTHER_LDFLAGS = " ";
				OTHER_REZFLAGS = "";
				PRODUCT_NAME = ZERO_CHECK;
				SECTORDER_FLAGS = "";
				SYMROOT = "/Users/israel/Documents/udacity/term2/CarND-Kidnapped-Vehicle-Project/src";
				USE_HEADERMAP = NO;
				WARNING_CFLAGS = ("-Wmost","-Wno-four-char-constants","-Wno-unknown-pragmas","$(inherited)");
			};
			name = MinSizeRel;
		};
		B3F08D4829364831A0623914 /* Release */ = {
			isa = XCBuildConfiguration;
			buildSettings = {
				COMBINE_HIDPI_IMAGES = YES;
				GCC_GENERATE_DEBUGGING_SYMBOLS = YES;
				GCC_INLINES_ARE_PRIVATE_EXTERN = NO;
				GCC_OPTIMIZATION_LEVEL = 0;
				GCC_PREPROCESSOR_DEFINITIONS = ("'CMAKE_INTDIR=\"$(CONFIGURATION)$(EFFECTIVE_PLATFORM_NAME)\"'");
				GCC_SYMBOLS_PRIVATE_EXTERN = NO;
				HEADER_SEARCH_PATHS = (/usr/local/include,/usr/local/opt/openssl/include);
				INSTALL_PATH = "";
				OTHER_LDFLAGS = " ";
				OTHER_REZFLAGS = "";
				PRODUCT_NAME = ZERO_CHECK;
				SECTORDER_FLAGS = "";
				SYMROOT = "/Users/israel/Documents/udacity/term2/CarND-Kidnapped-Vehicle-Project/src";
				USE_HEADERMAP = NO;
				WARNING_CFLAGS = ("-Wmost","-Wno-four-char-constants","-Wno-unknown-pragmas","$(inherited)");
			};
			name = Release;
		};
		BCE70ABEF96549DF90F33EC7 /* Release */ = {
			isa = XCBuildConfiguration;
			buildSettings = {
				ONLY_ACTIVE_ARCH = YES;
				SDKROOT = /Applications/Xcode.app/Contents/Developer/Platforms/MacOSX.platform/Developer/SDKs/MacOSX10.13.sdk;
				SYMROOT = "/Users/israel/Documents/udacity/term2/CarND-Kidnapped-Vehicle-Project/src/build";
			};
			name = Release;
		};
		CF8E6D14E21347B392CCE91F /* Release */ = {
			isa = XCBuildConfiguration;
			buildSettings = {
				COMBINE_HIDPI_IMAGES = YES;
				EXECUTABLE_PREFIX = "";
				EXECUTABLE_SUFFIX = "";
				GCC_GENERATE_DEBUGGING_SYMBOLS = NO;
				GCC_INLINES_ARE_PRIVATE_EXTERN = NO;
				GCC_OPTIMIZATION_LEVEL = 3;
				GCC_PREPROCESSOR_DEFINITIONS = ("'CMAKE_INTDIR=\"$(CONFIGURATION)$(EFFECTIVE_PLATFORM_NAME)\"'");
				GCC_SYMBOLS_PRIVATE_EXTERN = NO;
				HEADER_SEARCH_PATHS = (/usr/local/include,/usr/local/opt/openssl/include);
				INSTALL_PATH = "";
				LD_RUNPATH_SEARCH_PATHS = "/usr/local/lib /usr/local/opt/openssl/lib /usr/local/Cellar/libuv/1.18.0/lib";
				LIBRARY_SEARCH_PATHS = " /usr/local/lib/$(CONFIGURATION)$(EFFECTIVE_PLATFORM_NAME) /usr/local/lib /usr/local/opt/openssl/lib/$(CONFIGURATION)$(EFFECTIVE_PLATFORM_NAME) /usr/local/opt/openssl/lib /usr/local/Cellar/libuv/1.18.0/lib/$(CONFIGURATION)$(EFFECTIVE_PLATFORM_NAME) /usr/local/Cellar/libuv/1.18.0/lib";
				OTHER_CPLUSPLUSFLAGS = "    -DNDEBUG   -std=c++11";
				OTHER_LDFLAGS = " -Wl,-search_paths_first -Wl,-headerpad_max_install_names  -lz -lssl -luv -luWS";
				OTHER_REZFLAGS = "";
				PRODUCT_NAME = particle_filter;
				SECTORDER_FLAGS = "";
				SYMROOT = "/Users/israel/Documents/udacity/term2/CarND-Kidnapped-Vehicle-Project/src";
				USE_HEADERMAP = NO;
				WARNING_CFLAGS = ("-Wmost","-Wno-four-char-constants","-Wno-unknown-pragmas","$(inherited)");
			};
			name = Release;
		};
/* End XCBuildConfiguration section */

/* Begin XCConfigurationList section */
		80750C6DC95D4B04A3DC60F5 /* Build configuration list for PBXAggregateTarget "ZERO_CHECK" */ = {
			isa = XCConfigurationList;
			buildConfigurations = (
				5ADA3A1C540542DE842827F6 /* Debug */,
				B3F08D4829364831A0623914 /* Release */,
				AE430818FDBF4D98ABAC796A /* MinSizeRel */,
				032D444EF2E94879B6B026B0 /* RelWithDebInfo */,
			);
			defaultConfigurationIsVisible = 0;
			defaultConfigurationName = Debug;
		};
		9FEF528969D342B09CFF6DB2 /* Build configuration list for PBXProject "PARTICLE_FILTER" */ = {
			isa = XCConfigurationList;
			buildConfigurations = (
				2D5CDBE298FC4237AEBBA641 /* Debug */,
				BCE70ABEF96549DF90F33EC7 /* Release */,
				0F14039E03E6473DB7D4C75E /* MinSizeRel */,
				7B1081E950A24BE5AE23F268 /* RelWithDebInfo */,
			);
			defaultConfigurationIsVisible = 0;
			defaultConfigurationName = Debug;
		};
		AAC02F44488F44A4A24FC433 /* Build configuration list for PBXNativeTarget "particle_filter" */ = {
			isa = XCConfigurationList;
			buildConfigurations = (
				7424912D79594630894B2F77 /* Debug */,
				CF8E6D14E21347B392CCE91F /* Release */,
				7E28700FD46348F2839A4C33 /* MinSizeRel */,
				17F1A43227D94A36A9488413 /* RelWithDebInfo */,
			);
			defaultConfigurationIsVisible = 0;
			defaultConfigurationName = Debug;
		};
		D8A6D27553B24D6BAEAEF9DD /* Build configuration list for PBXAggregateTarget "ALL_BUILD" */ = {
			isa = XCConfigurationList;
			buildConfigurations = (
				07241AFA4DCB4CF1BF71A81F /* Debug */,
				77A26446535C43DE867773DB /* Release */,
				60184EFD4E0840BBB3DEBBF2 /* MinSizeRel */,
				5BF29E19786C4899A6D78CB5 /* RelWithDebInfo */,
			);
			defaultConfigurationIsVisible = 0;
			defaultConfigurationName = Debug;
		};
/* End XCConfigurationList section */
	};
	rootObject = 1509BA0CFC6C4A6CB10CF3D9 /* Project object */;
}
